
Microsoft Visual Studio Solution File, Format Version 12.00
# Visual Studio Version 17
VisualStudioVersion = 17.3.32811.315
MinimumVisualStudioVersion = 10.0.40219.1
Project("{2150E333-8FDC-42A3-9474-1A3956D46DE8}") = "Solution Items", "Solution Items", "{3DA99C4E-89E3-4049-9C22-0A7EC60D83D8}"
	ProjectSection(SolutionItems) = preProject
		Directory.Build.props = Directory.Build.props
	EndProjectSection
EndProject
Project("{FAE04EC0-301F-11D3-BF4B-00C04F79EFBC}") = "Companion", "Companion\Companion.csproj", "{656078DF-342B-42F1-BBDC-ED98754B7535}"
EndProject
#Project("{FAE04EC0-301F-11D3-BF4B-00C04F79EFBC}") = "Companion.Android", "Companion.Android\Companion.Android.csproj", "{518D9156-56B9-4F4B-A392-A31B27F2358A}"
#EndProject
#Project("{FAE04EC0-301F-11D3-BF4B-00C04F79EFBC}") = "Companion.Browser", "Companion.Browser\Companion.Browser.csproj", "{DBB84DC4-F939-4AA9-94FA-0C063E8316A4}"
#EndProject
Project("{FAE04EC0-301F-11D3-BF4B-00C04F79EFBC}") = "Companion.Desktop", "Companion.Desktop\Companion.Desktop.csproj", "{E3A47598-3D57-4DA2-B266-5A8A43F581AD}"
EndProject
#Project("{FAE04EC0-301F-11D3-BF4B-00C04F79EFBC}") = "Companion.iOS", "Companion.iOS\Companion.iOS.csproj", "{1F0A7196-9C15-4803-BD03-E6BA308D7FFA}"
#EndProject
Project("{FAE04EC0-301F-11D3-BF4B-00C04F79EFBC}") = "Companion.Tests", "Companion.Tests\Companion.Tests.csproj", "{C117D7F8-6047-4F71-B927-936C35D3C80D}"
EndProject
Global
	GlobalSection(SolutionConfigurationPlatforms) = preSolution
		Debug|Any CPU = Debug|Any CPU
		Release|Any CPU = Release|Any CPU
	EndGlobalSection
	GlobalSection(ProjectConfigurationPlatforms) = postSolution
		{656078DF-342B-42F1-BBDC-ED98754B7535}.Debug|Any CPU.ActiveCfg = Debug|Any CPU
		{656078DF-342B-42F1-BBDC-ED98754B7535}.Debug|Any CPU.Build.0 = Debug|Any CPU
		{656078DF-342B-42F1-BBDC-ED98754B7535}.Release|Any CPU.ActiveCfg = Release|Any CPU
		{656078DF-342B-42F1-BBDC-ED98754B7535}.Release|Any CPU.Build.0 = Release|Any CPU
		{518D9156-56B9-4F4B-A392-A31B27F2358A}.Debug|Any CPU.ActiveCfg = Debug|Any CPU
		{518D9156-56B9-4F4B-A392-A31B27F2358A}.Debug|Any CPU.Build.0 = Debug|Any CPU
		{518D9156-56B9-4F4B-A392-A31B27F2358A}.Release|Any CPU.ActiveCfg = Release|Any CPU
		{518D9156-56B9-4F4B-A392-A31B27F2358A}.Release|Any CPU.Build.0 = Release|Any CPU
		{DBB84DC4-F939-4AA9-94FA-0C063E8316A4}.Debug|Any CPU.ActiveCfg = Debug|Any CPU
		{DBB84DC4-F939-4AA9-94FA-0C063E8316A4}.Debug|Any CPU.Build.0 = Debug|Any CPU
		{DBB84DC4-F939-4AA9-94FA-0C063E8316A4}.Release|Any CPU.ActiveCfg = Release|Any CPU
		{DBB84DC4-F939-4AA9-94FA-0C063E8316A4}.Release|Any CPU.Build.0 = Release|Any CPU
		{E3A47598-3D57-4DA2-B266-5A8A43F581AD}.Debug|Any CPU.ActiveCfg = Debug|Any CPU
		{E3A47598-3D57-4DA2-B266-5A8A43F581AD}.Debug|Any CPU.Build.0 = Debug|Any CPU
		{E3A47598-3D57-4DA2-B266-5A8A43F581AD}.Release|Any CPU.ActiveCfg = Release|Any CPU
		{E3A47598-3D57-4DA2-B266-5A8A43F581AD}.Release|Any CPU.Build.0 = Release|Any CPU
		{1F0A7196-9C15-4803-BD03-E6BA308D7FFA}.Debug|Any CPU.ActiveCfg = Debug|Any CPU
		{1F0A7196-9C15-4803-BD03-E6BA308D7FFA}.Debug|Any CPU.Build.0 = Debug|Any CPU
		{1F0A7196-9C15-4803-BD03-E6BA308D7FFA}.Release|Any CPU.ActiveCfg = Release|Any CPU
		{1F0A7196-9C15-4803-BD03-E6BA308D7FFA}.Release|Any CPU.Build.0 = Release|Any CPU
		{C117D7F8-6047-4F71-B927-936C35D3C80D}.Debug|Any CPU.ActiveCfg = Debug|Any CPU
		{C117D7F8-6047-4F71-B927-936C35D3C80D}.Debug|Any CPU.Build.0 = Debug|Any CPU
		{C117D7F8-6047-4F71-B927-936C35D3C80D}.Release|Any CPU.ActiveCfg = Release|Any CPU
		{C117D7F8-6047-4F71-B927-936C35D3C80D}.Release|Any CPU.Build.0 = Release|Any CPU
	EndGlobalSection
	GlobalSection(SolutionProperties) = preSolution
		HideSolutionNode = FALSE
	EndGlobalSection
	GlobalSection(ExtensibilityGlobals) = postSolution
		SolutionGuid = {83CB65B8-011F-4ED7-BCD3-A6CFA935EF7E}
	EndGlobalSection
EndGlobal
